
Microsoft Visual Studio Solution File, Format Version 12.00
# Visual Studio Version 17
VisualStudioVersion = 17.6.33717.318
MinimumVisualStudioVersion = 10.0.40219.1
Project("{FAE04EC0-301F-11D3-BF4B-00C04F79EFBC}") = "ITMO.WinCS.Course2023.WPF.lab01.task1", "ITMO.WinCSCourse2023.WPF.lab01\ITMO.WinCS.Course2023.WPF.lab01.task1\ITMO.WinCS.Course2023.WPF.lab01.task1.csproj", "{DB391DDA-E5FB-4193-B966-DBB0CBA05B1C}"
EndProject
Project("{9A19103F-16F7-4668-BE54-9A1E7A4F7556}") = "ITMO.WinCS.Course2023.WPF.lab01.task2", "ITMO.WinCSCourse2023.WPF.lab01\ITMO.WinCS.Course2023.WPF.lab01.task2\ITMO.WinCS.Course2023.WPF.lab01.task2.csproj", "{86240CCF-D4B1-4460-8AAE-9386541BC612}"
EndProject
Project("{FAE04EC0-301F-11D3-BF4B-00C04F79EFBC}") = "ITMO.WinCS.Course2023.WPF.lab01.task3", "ITMO.WinCSCourse2023.WPF.lab01\ITMO.WinCS.Course2023.WPF.lab01.task3\ITMO.WinCS.Course2023.WPF.lab01.task3.csproj", "{D2AB8F53-D950-4323-AF4F-D297E651D51C}"
EndProject
Project("{FAE04EC0-301F-11D3-BF4B-00C04F79EFBC}") = "ITMO.WinCS.Course2023.WPF.lab01.task4", "ITMO.WinCSCourse2023.WPF.lab01\ITMO.WinCS.Course2023.WPF.lab01.task4\ITMO.WinCS.Course2023.WPF.lab01.task4.csproj", "{44BFFDC9-2778-470C-A846-3C06F216B765}"
EndProject
Project("{2150E333-8FDC-42A3-9474-1A3956D46DE8}") = "ITMO.WinCS.Course2023.WPF.lab01", "ITMO.WinCS.Course2023.WPF.lab01", "{B7DCAE90-783D-4BFE-9981-0D0EE3A67740}"
EndProject
Project("{9A19103F-16F7-4668-BE54-9A1E7A4F7556}") = "ITMO.WinCS.Course2023.WPF.lab02.task1", "ITMO.WinCSCourse2023.WPF.lab02\ITMO.WinCS.Course2023.WPF.lab02.task1\ITMO.WinCS.Course2023.WPF.lab02.task1.csproj", "{6AC98254-BC72-4F7C-817D-74DF1384728D}"
EndProject
Project("{9A19103F-16F7-4668-BE54-9A1E7A4F7556}") = "ITMO.WinCS.Course2023.WPF.lab02.task2", "ITMO.WinCSCourse2023.WPF.lab02\ITMO.WinCS.Course2023.WPF.lab02.task2\ITMO.WinCS.Course2023.WPF.lab02.task2.csproj", "{CDAF4D55-5193-41B7-A86F-A3B3D08A7B66}"
EndProject
Project("{2150E333-8FDC-42A3-9474-1A3956D46DE8}") = "ITMO.WinCS.Course2023.WPF.lab02", "ITMO.WinCS.Course2023.WPF.lab02", "{85ADC140-A2C5-4132-81B2-DD1DB6D1EDEC}"
EndProject
Project("{9A19103F-16F7-4668-BE54-9A1E7A4F7556}") = "ITMO.WinCS.Course2023.WPF.lab04.task1", "ITMO.WinCSCourse2023.WPF.lab04\ITMO.WinCS.Course2023.WPF.lab04.task1\ITMO.WinCS.Course2023.WPF.lab04.task1.csproj", "{212FDA50-FEDC-4A6A-BF78-6B96C9397EE1}"
EndProject
Project("{9A19103F-16F7-4668-BE54-9A1E7A4F7556}") = "ITMO.WinCS.Course2023.WPF.lab04.task2", "ITMO.WinCSCourse2023.WPF.lab04\ITMO.WinCS.Course2023.WPF.lab04.task2\ITMO.WinCS.Course2023.WPF.lab04.task2.csproj", "{76DE6C7D-B26B-4BA3-AA84-630BCE02EE40}"
EndProject
Project("{9A19103F-16F7-4668-BE54-9A1E7A4F7556}") = "ITMO.WinCS.Course2023.WPF.lab04.task3", "ITMO.WinCSCourse2023.WPF.lab04\ITMO.WinCS.Course2023.WPF.lab04.task3\ITMO.WinCS.Course2023.WPF.lab04.task3.csproj", "{E5C0E583-2AA9-42DF-BF8C-5CADDBBD1CB9}"
EndProject
Project("{2150E333-8FDC-42A3-9474-1A3956D46DE8}") = "ITMO.WinCS.Course2023.WPF.lab04", "ITMO.WinCS.Course2023.WPF.lab04", "{5EB7451B-FC20-4D9B-B110-57662D8360CE}"
EndProject
Project("{FAE04EC0-301F-11D3-BF4B-00C04F79EFBC}") = "ITMO.WinCS.Course2023.WPF.lab09.task1", "ITMO.WinCSCourse2023.WPF.lab09\ITMO.WinCS.Course2023.WPF.lab09.task1\ITMO.WinCS.Course2023.WPF.lab09.task1.csproj", "{D233782F-795B-4804-B643-09FB0BA4DDED}"
EndProject
Project("{2150E333-8FDC-42A3-9474-1A3956D46DE8}") = "ITMO.WinCS.Course2023.WPF.lab09", "ITMO.WinCS.Course2023.WPF.lab09", "{F402FE08-4918-4891-8F2A-E64EFA83DA68}"
EndProject
Global
	GlobalSection(SolutionConfigurationPlatforms) = preSolution
		Debug|Any CPU = Debug|Any CPU
		Release|Any CPU = Release|Any CPU
	EndGlobalSection
	GlobalSection(ProjectConfigurationPlatforms) = postSolution
		{DB391DDA-E5FB-4193-B966-DBB0CBA05B1C}.Debug|Any CPU.ActiveCfg = Debug|Any CPU
		{DB391DDA-E5FB-4193-B966-DBB0CBA05B1C}.Debug|Any CPU.Build.0 = Debug|Any CPU
		{DB391DDA-E5FB-4193-B966-DBB0CBA05B1C}.Release|Any CPU.ActiveCfg = Release|Any CPU
		{DB391DDA-E5FB-4193-B966-DBB0CBA05B1C}.Release|Any CPU.Build.0 = Release|Any CPU
		{86240CCF-D4B1-4460-8AAE-9386541BC612}.Debug|Any CPU.ActiveCfg = Debug|Any CPU
		{86240CCF-D4B1-4460-8AAE-9386541BC612}.Debug|Any CPU.Build.0 = Debug|Any CPU
		{86240CCF-D4B1-4460-8AAE-9386541BC612}.Release|Any CPU.ActiveCfg = Release|Any CPU
		{86240CCF-D4B1-4460-8AAE-9386541BC612}.Release|Any CPU.Build.0 = Release|Any CPU
		{D2AB8F53-D950-4323-AF4F-D297E651D51C}.Debug|Any CPU.ActiveCfg = Debug|Any CPU
		{D2AB8F53-D950-4323-AF4F-D297E651D51C}.Debug|Any CPU.Build.0 = Debug|Any CPU
		{D2AB8F53-D950-4323-AF4F-D297E651D51C}.Release|Any CPU.ActiveCfg = Release|Any CPU
		{D2AB8F53-D950-4323-AF4F-D297E651D51C}.Release|Any CPU.Build.0 = Release|Any CPU
		{44BFFDC9-2778-470C-A846-3C06F216B765}.Debug|Any CPU.ActiveCfg = Debug|Any CPU
		{44BFFDC9-2778-470C-A846-3C06F216B765}.Debug|Any CPU.Build.0 = Debug|Any CPU
		{44BFFDC9-2778-470C-A846-3C06F216B765}.Release|Any CPU.ActiveCfg = Release|Any CPU
		{44BFFDC9-2778-470C-A846-3C06F216B765}.Release|Any CPU.Build.0 = Release|Any CPU
		{6AC98254-BC72-4F7C-817D-74DF1384728D}.Debug|Any CPU.ActiveCfg = Debug|Any CPU
		{6AC98254-BC72-4F7C-817D-74DF1384728D}.Debug|Any CPU.Build.0 = Debug|Any CPU
		{6AC98254-BC72-4F7C-817D-74DF1384728D}.Release|Any CPU.ActiveCfg = Release|Any CPU
		{6AC98254-BC72-4F7C-817D-74DF1384728D}.Release|Any CPU.Build.0 = Release|Any CPU
		{CDAF4D55-5193-41B7-A86F-A3B3D08A7B66}.Debug|Any CPU.ActiveCfg = Debug|Any CPU
		{CDAF4D55-5193-41B7-A86F-A3B3D08A7B66}.Debug|Any CPU.Build.0 = Debug|Any CPU
		{CDAF4D55-5193-41B7-A86F-A3B3D08A7B66}.Release|Any CPU.ActiveCfg = Release|Any CPU
		{CDAF4D55-5193-41B7-A86F-A3B3D08A7B66}.Release|Any CPU.Build.0 = Release|Any CPU
		{212FDA50-FEDC-4A6A-BF78-6B96C9397EE1}.Debug|Any CPU.ActiveCfg = Debug|Any CPU
		{212FDA50-FEDC-4A6A-BF78-6B96C9397EE1}.Debug|Any CPU.Build.0 = Debug|Any CPU
		{212FDA50-FEDC-4A6A-BF78-6B96C9397EE1}.Release|Any CPU.ActiveCfg = Release|Any CPU
		{212FDA50-FEDC-4A6A-BF78-6B96C9397EE1}.Release|Any CPU.Build.0 = Release|Any CPU
		{76DE6C7D-B26B-4BA3-AA84-630BCE02EE40}.Debug|Any CPU.ActiveCfg = Debug|Any CPU
		{76DE6C7D-B26B-4BA3-AA84-630BCE02EE40}.Debug|Any CPU.Build.0 = Debug|Any CPU
		{76DE6C7D-B26B-4BA3-AA84-630BCE02EE40}.Release|Any CPU.ActiveCfg = Release|Any CPU
		{76DE6C7D-B26B-4BA3-AA84-630BCE02EE40}.Release|Any CPU.Build.0 = Release|Any CPU
		{E5C0E583-2AA9-42DF-BF8C-5CADDBBD1CB9}.Debug|Any CPU.ActiveCfg = Debug|Any CPU
		{E5C0E583-2AA9-42DF-BF8C-5CADDBBD1CB9}.Debug|Any CPU.Build.0 = Debug|Any CPU
		{E5C0E583-2AA9-42DF-BF8C-5CADDBBD1CB9}.Release|Any CPU.ActiveCfg = Release|Any CPU
		{E5C0E583-2AA9-42DF-BF8C-5CADDBBD1CB9}.Release|Any CPU.Build.0 = Release|Any CPU
		{D233782F-795B-4804-B643-09FB0BA4DDED}.Debug|Any CPU.ActiveCfg = Debug|Any CPU
		{D233782F-795B-4804-B643-09FB0BA4DDED}.Debug|Any CPU.Build.0 = Debug|Any CPU
		{D233782F-795B-4804-B643-09FB0BA4DDED}.Release|Any CPU.ActiveCfg = Release|Any CPU
		{D233782F-795B-4804-B643-09FB0BA4DDED}.Release|Any CPU.Build.0 = Release|Any CPU
	EndGlobalSection
	GlobalSection(SolutionProperties) = preSolution
		HideSolutionNode = FALSE
	EndGlobalSection
	GlobalSection(NestedProjects) = preSolution
		{DB391DDA-E5FB-4193-B966-DBB0CBA05B1C} = {B7DCAE90-783D-4BFE-9981-0D0EE3A67740}
		{86240CCF-D4B1-4460-8AAE-9386541BC612} = {B7DCAE90-783D-4BFE-9981-0D0EE3A67740}
		{D2AB8F53-D950-4323-AF4F-D297E651D51C} = {B7DCAE90-783D-4BFE-9981-0D0EE3A67740}
		{44BFFDC9-2778-470C-A846-3C06F216B765} = {B7DCAE90-783D-4BFE-9981-0D0EE3A67740}
		{6AC98254-BC72-4F7C-817D-74DF1384728D} = {85ADC140-A2C5-4132-81B2-DD1DB6D1EDEC}
		{CDAF4D55-5193-41B7-A86F-A3B3D08A7B66} = {85ADC140-A2C5-4132-81B2-DD1DB6D1EDEC}
		{212FDA50-FEDC-4A6A-BF78-6B96C9397EE1} = {5EB7451B-FC20-4D9B-B110-57662D8360CE}
		{76DE6C7D-B26B-4BA3-AA84-630BCE02EE40} = {5EB7451B-FC20-4D9B-B110-57662D8360CE}
		{E5C0E583-2AA9-42DF-BF8C-5CADDBBD1CB9} = {5EB7451B-FC20-4D9B-B110-57662D8360CE}
		{D233782F-795B-4804-B643-09FB0BA4DDED} = {F402FE08-4918-4891-8F2A-E64EFA83DA68}
	EndGlobalSection
	GlobalSection(ExtensibilityGlobals) = postSolution
		SolutionGuid = {7D2C8467-E4AD-4435-B64E-EAD4D4D617BB}
	EndGlobalSection
EndGlobal
